{
  "name": "chakra-ui-advance-library",
  "lockfileVersion": 2,
  "requires": true,
  "packages": {
    "": {
      "dependencies": {
        "jx-response-generator": "^1.0.1"
      }
    },
    "node_modules/jx-response-generator": {
      "version": "1.0.1",
      "resolved": "https://registry.npmjs.org/jx-response-generator/-/jx-response-generator-1.0.1.tgz",
      "integrity": "sha512-EZAqwpN8w+Qz2Z3Vqti0+23d5T6bskCdbi0zSavLFMngdopWjiP3YSd+GEEI9bu+juQg57gfmkE3y3vff6QaoA==",
      "license": "ISC"
    }
  },
  "dependencies": {
    "jx-response-generator": {
      "version": "1.0.1",
      "resolved": "https://registry.npmjs.org/jx-response-generator/-/jx-response-generator-1.0.1.tgz",
      "integrity": "sha512-EZAqwpN8w+Qz2Z3Vqti0+23d5T6bskCdbi0zSavLFMngdopWjiP3YSd+GEEI9bu+juQg57gfmkE3y3vff6QaoA=="
    }
  }
}
